# This file is automatically @generated by Poetry 1.8.3 and should not be changed by hand.

[[package]]
name = "argparse"
version = "1.4.0"
description = "Python command-line parsing library"
optional = false
python-versions = "*"
files = [
    {file = "argparse-1.4.0-py2.py3-none-any.whl", hash = "sha256:c31647edb69fd3d465a847ea3157d37bed1f95f19760b11a47aa91c04b666314"},
    {file = "argparse-1.4.0.tar.gz", hash = "sha256:62b089a55be1d8949cd2bc7e0df0bddb9e028faefc8c32038cc84862aefdd6e4"},
]

[[package]]
name = "norminette"
version = "3.3.55"
description = "Open source C files linter for 42 Network campuses"
optional = false
python-versions = ">=3.8.1,<4.0.0"
files = [
    {file = "norminette-3.3.55-py3-none-any.whl", hash = "sha256:df33d36860047c12e1a663497fa508999fb34e45ba4ccec3999edf35af114a11"},
    {file = "norminette-3.3.55.tar.gz", hash = "sha256:66356de519fdd361043ea1473ea5317b6087ce60c9f1f2fb172aaf3f7fcfe98c"},
]

[package.dependencies]
argparse = ">=1.4.0,<2.0.0"

[metadata]
lock-version = "2.0"
python-versions = "^3.12"
content-hash = "eab56aa66da08fe49e87ec346a366b6a0cb3986451a7207e412fe43b2747622d"
